
Microsoft Visual Studio Solution File, Format Version 12.00
# Visual Studio Version 17
VisualStudioVersion = 17.10.35122.118
MinimumVisualStudioVersion = 10.0.40219.1
Project("{FAE04EC0-301F-11D3-BF4B-00C04F79EFBC}") = "XMLI", "XMLI\XMLI.csproj", "{47E6C01D-0A3F-4289-9D29-7A89F8DB254B}"
EndProject
Project("{FAE04EC0-301F-11D3-BF4B-00C04F79EFBC}") = "XMLIOpener", "XMLIOpener\XMLIOpener.csproj", "{AAD9E9FE-4E07-46D8-8638-F60060BA1A5B}"
EndProject
Global
	GlobalSection(SolutionConfigurationPlatforms) = preSolution
		Debug|Any CPU = Debug|Any CPU
		Release|Any CPU = Release|Any CPU
	EndGlobalSection
	GlobalSection(ProjectConfigurationPlatforms) = postSolution
		{47E6C01D-0A3F-4289-9D29-7A89F8DB254B}.Debug|Any CPU.ActiveCfg = Debug|Any CPU
		{47E6C01D-0A3F-4289-9D29-7A89F8DB254B}.Debug|Any CPU.Build.0 = Debug|Any CPU
		{47E6C01D-0A3F-4289-9D29-7A89F8DB254B}.Release|Any CPU.ActiveCfg = Release|Any CPU
		{47E6C01D-0A3F-4289-9D29-7A89F8DB254B}.Release|Any CPU.Build.0 = Release|Any CPU
		{AAD9E9FE-4E07-46D8-8638-F60060BA1A5B}.Debug|Any CPU.ActiveCfg = Debug|Any CPU
		{AAD9E9FE-4E07-46D8-8638-F60060BA1A5B}.Debug|Any CPU.Build.0 = Debug|Any CPU
		{AAD9E9FE-4E07-46D8-8638-F60060BA1A5B}.Release|Any CPU.ActiveCfg = Release|Any CPU
		{AAD9E9FE-4E07-46D8-8638-F60060BA1A5B}.Release|Any CPU.Build.0 = Release|Any CPU
	EndGlobalSection
	GlobalSection(SolutionProperties) = preSolution
		HideSolutionNode = FALSE
	EndGlobalSection
	GlobalSection(ExtensibilityGlobals) = postSolution
		SolutionGuid = {3F836DEC-BF49-4DC6-AF37-A0B7FB1E8E6A}
	EndGlobalSection
EndGlobal
